PODS:
  - boost-for-react-native (1.63.0)
  - BVLinearGradient (2.5.6):
    - React
  - CocoaAsyncSocket (7.6.5)
  - DoubleConversion (1.1.6)
  - FBLazyVector (0.64.0)
  - FBReactNativeSpec (0.64.0):
    - RCT-Folly (= 2020.01.13.00)
    - RCTRequired (= 0.64.0)
    - RCTTypeSafety (= 0.64.0)
    - React-Core (= 0.64.0)
    - React-jsi (= 0.64.0)
    - ReactCommon/turbomodule/core (= 0.64.0)
  - Firebase/CoreOnly (8.0.0):
    - FirebaseCore (= 8.0.0)
  - FirebaseCore (8.0.0):
    - FirebaseCoreDiagnostics (~> 8.0)
    - GoogleUtilities/Environment (~> 7.4)
    - GoogleUtilities/Logger (~> 7.4)
  - FirebaseCoreDiagnostics (8.8.0):
    - GoogleDataTransport (~> 9.0)
    - GoogleUtilities/Environment (~> 7.4)
    - GoogleUtilities/Logger (~> 7.4)
    - nanopb (~> 2.30908.0)
  - Flipper (0.87.0):
    - Flipper-Folly (~> 2.5)
    - Flipper-RSocket (~> 1.3)
  - Flipper-DoubleConversion (1.1.7)
  - Flipper-Folly (2.5.3):
    - boost-for-react-native
    - Flipper-DoubleConversion
    - Flipper-Glog
    - libevent (~> 2.1.12)
    - OpenSSL-Universal (= 1.1.180)
  - Flipper-Glog (0.3.6)
  - Flipper-PeerTalk (0.0.4)
  - Flipper-RSocket (1.3.1):
    - Flipper-Folly (~> 2.5)
  - FlipperKit (0.87.0):
    - FlipperKit/Core (= 0.87.0)
  - FlipperKit/Core (0.87.0):
    - Flipper (~> 0.87.0)
    - FlipperKit/CppBridge
    - FlipperKit/FBCxxFollyDynamicConvert
    - FlipperKit/FBDefines
    - FlipperKit/FKPortForwarding
  - FlipperKit/CppBridge (0.87.0):
    - Flipper (~> 0.87.0)
  - FlipperKit/FBCxxFollyDynamicConvert (0.87.0):
    - Flipper-Folly (~> 2.5)
  - FlipperKit/FBDefines (0.87.0)
  - FlipperKit/FKPortForwarding (0.87.0):
    - CocoaAsyncSocket (~> 7.6)
    - Flipper-PeerTalk (~> 0.0.4)
  - FlipperKit/FlipperKitHighlightOverlay (0.87.0)
  - FlipperKit/FlipperKitLayoutHelpers (0.87.0):
    - FlipperKit/Core
    - FlipperKit/FlipperKitHighlightOverlay
    - FlipperKit/FlipperKitLayoutTextSearchable
  - FlipperKit/FlipperKitLayoutIOSDescriptors (0.87.0):
    - FlipperKit/Core
    - FlipperKit/FlipperKitHighlightOverlay
    - FlipperKit/FlipperKitLayoutHelpers
    - YogaKit (~> 1.18)
  - FlipperKit/FlipperKitLayoutPlugin (0.87.0):
    - FlipperKit/Core
    - FlipperKit/FlipperKitHighlightOverlay
    - FlipperKit/FlipperKitLayoutHelpers
    - FlipperKit/FlipperKitLayoutIOSDescriptors
    - FlipperKit/FlipperKitLayoutTextSearchable
    - YogaKit (~> 1.18)
  - FlipperKit/FlipperKitLayoutTextSearchable (0.87.0)
  - FlipperKit/FlipperKitNetworkPlugin (0.87.0):
    - FlipperKit/Core
  - FlipperKit/FlipperKitReactPlugin (0.87.0):
    - FlipperKit/Core
  - FlipperKit/FlipperKitUserDefaultsPlugin (0.87.0):
    - FlipperKit/Core
  - FlipperKit/SKIOSNetworkPlugin (0.87.0):
    - FlipperKit/Core
    - FlipperKit/FlipperKitNetworkPlugin
  - glog (0.3.5)
  - GoogleDataTransport (9.1.0):
    - GoogleUtilities/Environment (~> 7.2)
    - nanopb (~> 2.30908.0)
    - PromisesObjC (< 3.0, >= 1.2)
  - GoogleUtilities/Environment (7.5.2):
    - PromisesObjC (< 3.0, >= 1.2)
  - GoogleUtilities/Logger (7.5.2):
    - GoogleUtilities/Environment
  - libevent (2.1.12)
  - nanopb (2.30908.0):
    - nanopb/decode (= 2.30908.0)
    - nanopb/encode (= 2.30908.0)
  - nanopb/decode (2.30908.0)
  - nanopb/encode (2.30908.0)
  - OneSignal (3.4.3)
  - OpenSSL-Universal (1.1.180)
  - Permission-Camera (3.0.1):
    - RNPermissions
  - Permission-MediaLibrary (3.0.1):
    - RNPermissions
  - Permission-Microphone (3.0.1):
    - RNPermissions
  - Permission-Notifications (3.0.1):
    - RNPermissions
  - Permission-PhotoLibrary (3.0.1):
    - RNPermissions
  - PromisesObjC (2.0.0)
  - RCT-Folly (2020.01.13.00):
    - boost-for-react-native
    - DoubleConversion
    - glog
    - RCT-Folly/Default (= 2020.01.13.00)
  - RCT-Folly/Default (2020.01.13.00):
    - boost-for-react-native
    - DoubleConversion
    - glog
  - RCTRequired (0.64.0)
  - RCTTypeSafety (0.64.0):
    - FBLazyVector (= 0.64.0)
    - RCT-Folly (= 2020.01.13.00)
    - RCTRequired (= 0.64.0)
    - React-Core (= 0.64.0)
  - React (0.64.0):
    - React-Core (= 0.64.0)
    - React-Core/DevSupport (= 0.64.0)
    - React-Core/RCTWebSocket (= 0.64.0)
    - React-RCTActionSheet (= 0.64.0)
    - React-RCTAnimation (= 0.64.0)
    - React-RCTBlob (= 0.64.0)
    - React-RCTImage (= 0.64.0)
    - React-RCTLinking (= 0.64.0)
    - React-RCTNetwork (= 0.64.0)
    - React-RCTSettings (= 0.64.0)
    - React-RCTText (= 0.64.0)
    - React-RCTVibration (= 0.64.0)
  - React-callinvoker (0.64.0)
  - React-Core (0.64.0):
    - glog
    - RCT-Folly (= 2020.01.13.00)
    - React-Core/Default (= 0.64.0)
    - React-cxxreact (= 0.64.0)
    - React-jsi (= 0.64.0)
    - React-jsiexecutor (= 0.64.0)
    - React-perflogger (= 0.64.0)
    - Yoga
  - React-Core/CoreModulesHeaders (0.64.0):
    - glog
    - RCT-Folly (= 2020.01.13.00)
    - React-Core/Default
    - React-cxxreact (= 0.64.0)
    - React-jsi (= 0.64.0)
    - React-jsiexecutor (= 0.64.0)
    - React-perflogger (= 0.64.0)
    - Yoga
  - React-Core/Default (0.64.0):
    - glog
    - RCT-Folly (= 2020.01.13.00)
    - React-cxxreact (= 0.64.0)
    - React-jsi (= 0.64.0)
    - React-jsiexecutor (= 0.64.0)
    - React-perflogger (= 0.64.0)
    - Yoga
  - React-Core/DevSupport (0.64.0):
    - glog
    - RCT-Folly (= 2020.01.13.00)
    - React-Core/Default (= 0.64.0)
    - React-Core/RCTWebSocket (= 0.64.0)
    - React-cxxreact (= 0.64.0)
    - React-jsi (= 0.64.0)
    - React-jsiexecutor (= 0.64.0)
    - React-jsinspector (= 0.64.0)
    - React-perflogger (= 0.64.0)
    - Yoga
  - React-Core/RCTActionSheetHeaders (0.64.0):
    - glog
    - RCT-Folly (= 2020.01.13.00)
    - React-Core/Default
    - React-cxxreact (= 0.64.0)
    - React-jsi (= 0.64.0)
    - React-jsiexecutor (= 0.64.0)
    - React-perflogger (= 0.64.0)
    - Yoga
  - React-Core/RCTAnimationHeaders (0.64.0):
    - glog
    - RCT-Folly (= 2020.01.13.00)
    - React-Core/Default
    - React-cxxreact (= 0.64.0)
    - React-jsi (= 0.64.0)
    - React-jsiexecutor (= 0.64.0)
    - React-perflogger (= 0.64.0)
    - Yoga
  - React-Core/RCTBlobHeaders (0.64.0):
    - glog
    - RCT-Folly (= 2020.01.13.00)
    - React-Core/Default
    - React-cxxreact (= 0.64.0)
    - React-jsi (= 0.64.0)
    - React-jsiexecutor (= 0.64.0)
    - React-perflogger (= 0.64.0)
    - Yoga
  - React-Core/RCTImageHeaders (0.64.0):
    - glog
    - RCT-Folly (= 2020.01.13.00)
    - React-Core/Default
    - React-cxxreact (= 0.64.0)
    - React-jsi (= 0.64.0)
    - React-jsiexecutor (= 0.64.0)
    - React-perflogger (= 0.64.0)
    - Yoga
  - React-Core/RCTLinkingHeaders (0.64.0):
    - glog
    - RCT-Folly (= 2020.01.13.00)
    - React-Core/Default
    - React-cxxreact (= 0.64.0)
    - React-jsi (= 0.64.0)
    - React-jsiexecutor (= 0.64.0)
    - React-perflogger (= 0.64.0)
    - Yoga
  - React-Core/RCTNetworkHeaders (0.64.0):
    - glog
    - RCT-Folly (= 2020.01.13.00)
    - React-Core/Default
    - React-cxxreact (= 0.64.0)
    - React-jsi (= 0.64.0)
    - React-jsiexecutor (= 0.64.0)
    - React-perflogger (= 0.64.0)
    - Yoga
  - React-Core/RCTSettingsHeaders (0.64.0):
    - glog
    - RCT-Folly (= 2020.01.13.00)
    - React-Core/Default
    - React-cxxreact (= 0.64.0)
    - React-jsi (= 0.64.0)
    - React-jsiexecutor (= 0.64.0)
    - React-perflogger (= 0.64.0)
    - Yoga
  - React-Core/RCTTextHeaders (0.64.0):
    - glog
    - RCT-Folly (= 2020.01.13.00)
    - React-Core/Default
    - React-cxxreact (= 0.64.0)
    - React-jsi (= 0.64.0)
    - React-jsiexecutor (= 0.64.0)
    - React-perflogger (= 0.64.0)
    - Yoga
  - React-Core/RCTVibrationHeaders (0.64.0):
    - glog
    - RCT-Folly (= 2020.01.13.00)
    - React-Core/Default
    - React-cxxreact (= 0.64.0)
    - React-jsi (= 0.64.0)
    - React-jsiexecutor (= 0.64.0)
    - React-perflogger (= 0.64.0)
    - Yoga
  - React-Core/RCTWebSocket (0.64.0):
    - glog
    - RCT-Folly (= 2020.01.13.00)
    - React-Core/Default (= 0.64.0)
    - React-cxxreact (= 0.64.0)
    - React-jsi (= 0.64.0)
    - React-jsiexecutor (= 0.64.0)
    - React-perflogger (= 0.64.0)
    - Yoga
  - React-CoreModules (0.64.0):
    - FBReactNativeSpec (= 0.64.0)
    - RCT-Folly (= 2020.01.13.00)
    - RCTTypeSafety (= 0.64.0)
    - React-Core/CoreModulesHeaders (= 0.64.0)
    - React-jsi (= 0.64.0)
    - React-RCTImage (= 0.64.0)
    - ReactCommon/turbomodule/core (= 0.64.0)
  - React-cxxreact (0.64.0):
    - boost-for-react-native (= 1.63.0)
    - DoubleConversion
    - glog
    - RCT-Folly (= 2020.01.13.00)
    - React-callinvoker (= 0.64.0)
    - React-jsi (= 0.64.0)
    - React-jsinspector (= 0.64.0)
    - React-perflogger (= 0.64.0)
    - React-runtimeexecutor (= 0.64.0)
  - React-jsi (0.64.0):
    - boost-for-react-native (= 1.63.0)
    - DoubleConversion
    - glog
    - RCT-Folly (= 2020.01.13.00)
    - React-jsi/Default (= 0.64.0)
  - React-jsi/Default (0.64.0):
    - boost-for-react-native (= 1.63.0)
    - DoubleConversion
    - glog
    - RCT-Folly (= 2020.01.13.00)
  - React-jsiexecutor (0.64.0):
    - DoubleConversion
    - glog
    - RCT-Folly (= 2020.01.13.00)
    - React-cxxreact (= 0.64.0)
    - React-jsi (= 0.64.0)
    - React-perflogger (= 0.64.0)
  - React-jsinspector (0.64.0)
  - react-native-biometrics (2.1.4):
    - React
  - react-native-blur (0.8.0):
    - React
  - react-native-camera (3.43.8):
    - React-Core
    - react-native-camera/RCT (= 3.43.8)
    - react-native-camera/RN (= 3.43.8)
  - react-native-camera/RCT (3.43.8):
    - React-Core
  - react-native-camera/RN (3.43.8):
    - React-Core
  - react-native-cameraroll (4.0.4):
    - React-Core
  - react-native-document-picker (5.0.3):
    - React-Core
  - react-native-image-picker (3.3.2):
    - React-Core
  - react-native-in-app-review (3.2.2):
    - React
  - react-native-location (2.5.0):
    - React
  - react-native-maps (0.27.1):
    - React
  - react-native-netinfo (6.0.0):
    - React-Core
  - react-native-onesignal (4.1.0):
    - OneSignal (= 3.4.3)
    - React (< 1.0.0, >= 0.13.0)
  - react-native-pager-view (5.1.3):
    - React-Core
  - react-native-restart (0.0.22):
    - React-Core
  - react-native-safe-area-context (3.2.0):
    - React-Core
  - react-native-screen-brightness (2.0.0-alpha):
    - React
  - react-native-slider (3.0.3):
    - React
  - react-native-video (4.4.5):
    - React
    - react-native-video/Video (= 4.4.5)
  - react-native-video/Video (4.4.5):
    - React
  - react-native-view-shot (3.1.2):
    - React
  - react-native-webrtc (1.92.0):
    - React-Core
  - react-native-webview (11.3.2):
    - React-Core
  - React-perflogger (0.64.0)
  - React-RCTActionSheet (0.64.0):
    - React-Core/RCTActionSheetHeaders (= 0.64.0)
  - React-RCTAnimation (0.64.0):
    - FBReactNativeSpec (= 0.64.0)
    - RCT-Folly (= 2020.01.13.00)
    - RCTTypeSafety (= 0.64.0)
    - React-Core/RCTAnimationHeaders (= 0.64.0)
    - React-jsi (= 0.64.0)
    - ReactCommon/turbomodule/core (= 0.64.0)
  - React-RCTBlob (0.64.0):
    - FBReactNativeSpec (= 0.64.0)
    - RCT-Folly (= 2020.01.13.00)
    - React-Core/RCTBlobHeaders (= 0.64.0)
    - React-Core/RCTWebSocket (= 0.64.0)
    - React-jsi (= 0.64.0)
    - React-RCTNetwork (= 0.64.0)
    - ReactCommon/turbomodule/core (= 0.64.0)
  - React-RCTImage (0.64.0):
    - FBReactNativeSpec (= 0.64.0)
    - RCT-Folly (= 2020.01.13.00)
    - RCTTypeSafety (= 0.64.0)
    - React-Core/RCTImageHeaders (= 0.64.0)
    - React-jsi (= 0.64.0)
    - React-RCTNetwork (= 0.64.0)
    - ReactCommon/turbomodule/core (= 0.64.0)
  - React-RCTLinking (0.64.0):
    - FBReactNativeSpec (= 0.64.0)
    - React-Core/RCTLinkingHeaders (= 0.64.0)
    - React-jsi (= 0.64.0)
    - ReactCommon/turbomodule/core (= 0.64.0)
  - React-RCTNetwork (0.64.0):
    - FBReactNativeSpec (= 0.64.0)
    - RCT-Folly (= 2020.01.13.00)
    - RCTTypeSafety (= 0.64.0)
    - React-Core/RCTNetworkHeaders (= 0.64.0)
    - React-jsi (= 0.64.0)
    - ReactCommon/turbomodule/core (= 0.64.0)
  - React-RCTSettings (0.64.0):
    - FBReactNativeSpec (= 0.64.0)
    - RCT-Folly (= 2020.01.13.00)
    - RCTTypeSafety (= 0.64.0)
    - React-Core/RCTSettingsHeaders (= 0.64.0)
    - React-jsi (= 0.64.0)
    - ReactCommon/turbomodule/core (= 0.64.0)
  - React-RCTText (0.64.0):
    - React-Core/RCTTextHeaders (= 0.64.0)
  - React-RCTVibration (0.64.0):
    - FBReactNativeSpec (= 0.64.0)
    - RCT-Folly (= 2020.01.13.00)
    - React-Core/RCTVibrationHeaders (= 0.64.0)
    - React-jsi (= 0.64.0)
    - ReactCommon/turbomodule/core (= 0.64.0)
  - React-runtimeexecutor (0.64.0):
    - React-jsi (= 0.64.0)
  - ReactCommon/turbomodule/core (0.64.0):
    - DoubleConversion
    - glog
    - RCT-Folly (= 2020.01.13.00)
    - React-callinvoker (= 0.64.0)
    - React-Core (= 0.64.0)
    - React-cxxreact (= 0.64.0)
    - React-jsi (= 0.64.0)
    - React-perflogger (= 0.64.0)
  - ReactNativeIncallManager (3.3.0):
    - React
  - RNCallKeep (4.1.0):
    - React
  - RNCAsyncStorage (1.12.1):
    - React-Core
  - RNCCheckbox (0.5.8):
    - React-Core
  - RNCClipboard (1.5.1):
    - React-Core
  - RNCMaskedView (0.1.10):
    - React
  - RNCPicker (1.9.11):
    - React-Core
  - RNCPushNotificationIOS (1.8.0):
    - React-Core
  - RNCustomizedImagePicker (1.2.1):
    - React
    - TZImagePickerController
  - RNDeviceInfo (8.1.3):
    - React-Core
  - RNFBApp (12.0.0):
    - Firebase/CoreOnly (= 8.0.0)
    - React-Core
  - RNFileViewer (2.1.4):
    - React-Core
  - RNFS (2.18.0):
    - React
  - RNGestureHandler (1.10.3):
    - React-Core
  - RNI18n (2.0.15):
    - React
  - RNPermissions (3.0.1):
    - React-Core
  - RNReactNativeDocViewer (1.0.0):
    - React
  - RNReanimated (1.13.3):
    - React-Core
  - RNScreens (1.0.0-alpha.23):
    - React
  - RNSnackbar (2.4.0):
    - React-Core
  - RNSound (0.11.0):
    - React
    - RNSound/Core (= 0.11.0)
  - RNSound/Core (0.11.0):
    - React
  - RNSoundRecorder (1.5.0):
    - React
  - RNSVG (12.1.1):
    - React
  - RNVectorIcons (8.1.0):
    - React-Core
  - RNVoipPushNotification (3.1.0):
    - React-Core
  - TZImagePickerController (3.6.6)
  - Yoga (1.14.0)
  - YogaKit (1.18.1):
    - Yoga (~> 1.14)

DEPENDENCIES:
  - BVLinearGradient (from `../node_modules/react-native-linear-gradient`)
  - DoubleConversion (from `../node_modules/react-native/third-party-podspecs/DoubleConversion.podspec`)
  - FBLazyVector (from `../node_modules/react-native/Libraries/FBLazyVector`)
  - FBReactNativeSpec (from `../node_modules/react-native/React/FBReactNativeSpec`)
  - Flipper (= 0.87.0)
  - Flipper-DoubleConversion (= 1.1.7)
  - Flipper-Folly (= 2.5.3)
  - Flipper-Glog (= 0.3.6)
  - Flipper-PeerTalk (~> 0.0.4)
  - Flipper-RSocket (= 1.3.1)
  - FlipperKit (= 0.87.0)
  - FlipperKit/Core (= 0.87.0)
  - FlipperKit/CppBridge (= 0.87.0)
  - FlipperKit/FBCxxFollyDynamicConvert (= 0.87.0)
  - FlipperKit/FBDefines (= 0.87.0)
  - FlipperKit/FKPortForwarding (= 0.87.0)
  - FlipperKit/FlipperKitHighlightOverlay (= 0.87.0)
  - FlipperKit/FlipperKitLayoutPlugin (= 0.87.0)
  - FlipperKit/FlipperKitLayoutTextSearchable (= 0.87.0)
  - FlipperKit/FlipperKitNetworkPlugin (= 0.87.0)
  - FlipperKit/FlipperKitReactPlugin (= 0.87.0)
  - FlipperKit/FlipperKitUserDefaultsPlugin (= 0.87.0)
  - FlipperKit/SKIOSNetworkPlugin (= 0.87.0)
  - glog (from `../node_modules/react-native/third-party-podspecs/glog.podspec`)
  - OneSignal (< 4.0, >= 3.0)
  - Permission-Camera (from `../node_modules/react-native-permissions/ios/Camera/Permission-Camera.podspec`)
  - Permission-MediaLibrary (from `../node_modules/react-native-permissions/ios/MediaLibrary/Permission-MediaLibrary.podspec`)
  - Permission-Microphone (from `../node_modules/react-native-permissions/ios/Microphone/Permission-Microphone.podspec`)
  - Permission-Notifications (from `../node_modules/react-native-permissions/ios/Notifications`)
  - Permission-PhotoLibrary (from `../node_modules/react-native-permissions/ios/PhotoLibrary/Permission-PhotoLibrary.podspec`)
  - RCT-Folly (from `../node_modules/react-native/third-party-podspecs/RCT-Folly.podspec`)
  - RCTRequired (from `../node_modules/react-native/Libraries/RCTRequired`)
  - RCTTypeSafety (from `../node_modules/react-native/Libraries/TypeSafety`)
  - React (from `../node_modules/react-native/`)
  - React-callinvoker (from `../node_modules/react-native/ReactCommon/callinvoker`)
  - React-Core (from `../node_modules/react-native/`)
  - React-Core/DevSupport (from `../node_modules/react-native/`)
  - React-Core/RCTWebSocket (from `../node_modules/react-native/`)
  - React-CoreModules (from `../node_modules/react-native/React/CoreModules`)
  - React-cxxreact (from `../node_modules/react-native/ReactCommon/cxxreact`)
  - React-jsi (from `../node_modules/react-native/ReactCommon/jsi`)
  - React-jsiexecutor (from `../node_modules/react-native/ReactCommon/jsiexecutor`)
  - React-jsinspector (from `../node_modules/react-native/ReactCommon/jsinspector`)
  - react-native-biometrics (from `../node_modules/react-native-biometrics`)
  - "react-native-blur (from `../node_modules/@react-native-community/blur`)"
  - react-native-camera (from `../node_modules/react-native-camera`)
  - "react-native-cameraroll (from `../node_modules/@react-native-community/cameraroll`)"
  - react-native-document-picker (from `../node_modules/react-native-document-picker`)
  - react-native-image-picker (from `../node_modules/react-native-image-picker`)
  - react-native-in-app-review (from `../node_modules/react-native-in-app-review`)
  - react-native-location (from `../node_modules/react-native-location`)
  - react-native-maps (from `../node_modules/react-native-maps`)
  - "react-native-netinfo (from `../node_modules/@react-native-community/netinfo`)"
  - react-native-onesignal (from `../node_modules/react-native-onesignal`)
  - react-native-pager-view (from `../node_modules/react-native-pager-view`)
  - react-native-restart (from `../node_modules/react-native-restart`)
  - react-native-safe-area-context (from `../node_modules/react-native-safe-area-context`)
  - react-native-screen-brightness (from `../node_modules/react-native-screen-brightness`)
  - "react-native-slider (from `../node_modules/@react-native-community/slider`)"
  - react-native-video (from `../node_modules/react-native-video`)
  - react-native-view-shot (from `../node_modules/react-native-view-shot`)
  - react-native-webrtc (from `../node_modules/react-native-webrtc`)
  - react-native-webview (from `../node_modules/react-native-webview`)
  - React-perflogger (from `../node_modules/react-native/ReactCommon/reactperflogger`)
  - React-RCTActionSheet (from `../node_modules/react-native/Libraries/ActionSheetIOS`)
  - React-RCTAnimation (from `../node_modules/react-native/Libraries/NativeAnimation`)
  - React-RCTBlob (from `../node_modules/react-native/Libraries/Blob`)
  - React-RCTImage (from `../node_modules/react-native/Libraries/Image`)
  - React-RCTLinking (from `../node_modules/react-native/Libraries/LinkingIOS`)
  - React-RCTNetwork (from `../node_modules/react-native/Libraries/Network`)
  - React-RCTSettings (from `../node_modules/react-native/Libraries/Settings`)
  - React-RCTText (from `../node_modules/react-native/Libraries/Text`)
  - React-RCTVibration (from `../node_modules/react-native/Libraries/Vibration`)
  - React-runtimeexecutor (from `../node_modules/react-native/ReactCommon/runtimeexecutor`)
  - ReactCommon/turbomodule/core (from `../node_modules/react-native/ReactCommon`)
  - ReactNativeIncallManager (from `../node_modules/react-native-incall-manager`)
  - RNCallKeep (from `../node_modules/react-native-callkeep`)
  - "RNCAsyncStorage (from `../node_modules/@react-native-community/async-storage`)"
  - "RNCCheckbox (from `../node_modules/@react-native-community/checkbox`)"
  - "RNCClipboard (from `../node_modules/@react-native-community/clipboard`)"
  - "RNCMaskedView (from `../node_modules/@react-native-community/masked-view`)"
  - "RNCPicker (from `../node_modules/@react-native-picker/picker`)"
  - "RNCPushNotificationIOS (from `../node_modules/@react-native-community/push-notification-ios/RNCPushNotificationIOS.podspec`)"
  - RNCustomizedImagePicker (from `../node_modules/react-native-customized-image-picker/RNCustomizedImagePicker.podspec`)
  - RNDeviceInfo (from `../node_modules/react-native-device-info`)
  - "RNFBApp (from `../node_modules/@react-native-firebase/app`)"
  - RNFileViewer (from `../node_modules/react-native-file-viewer`)
  - RNFS (from `../node_modules/react-native-fs`)
  - RNGestureHandler (from `../node_modules/react-native-gesture-handler`)
  - RNI18n (from `../node_modules/react-native-i18n`)
  - RNPermissions (from `../node_modules/react-native-permissions`)
  - RNReactNativeDocViewer (from `../node_modules/react-native-doc-viewer`)
  - RNReanimated (from `../node_modules/react-native-reanimated`)
  - RNScreens (from `../node_modules/react-native-screens`)
  - RNSnackbar (from `../node_modules/react-native-snackbar`)
  - RNSound (from `../node_modules/react-native-sound`)
  - RNSoundRecorder (from `../node_modules/react-native-sound-recorder`)
  - RNSVG (from `../node_modules/react-native-svg`)
  - RNVectorIcons (from `../node_modules/react-native-vector-icons`)
  - RNVoipPushNotification (from `../node_modules/react-native-voip-push-notification`)
  - Yoga (from `../node_modules/react-native/ReactCommon/yoga`)

SPEC REPOS:
  trunk:
    - boost-for-react-native
    - CocoaAsyncSocket
    - Firebase
    - FirebaseCore
    - FirebaseCoreDiagnostics
    - Flipper
    - Flipper-DoubleConversion
    - Flipper-Folly
    - Flipper-Glog
    - Flipper-PeerTalk
    - Flipper-RSocket
    - FlipperKit
    - GoogleDataTransport
    - GoogleUtilities
    - libevent
    - nanopb
    - OneSignal
    - OpenSSL-Universal
    - PromisesObjC
    - TZImagePickerController
    - YogaKit

EXTERNAL SOURCES:
  BVLinearGradient:
    :path: "../node_modules/react-native-linear-gradient"
  DoubleConversion:
    :podspec: "../node_modules/react-native/third-party-podspecs/DoubleConversion.podspec"
  FBLazyVector:
    :path: "../node_modules/react-native/Libraries/FBLazyVector"
  FBReactNativeSpec:
    :path: "../node_modules/react-native/React/FBReactNativeSpec"
  glog:
    :podspec: "../node_modules/react-native/third-party-podspecs/glog.podspec"
  Permission-Camera:
    :path: "../node_modules/react-native-permissions/ios/Camera/Permission-Camera.podspec"
  Permission-MediaLibrary:
    :path: "../node_modules/react-native-permissions/ios/MediaLibrary/Permission-MediaLibrary.podspec"
  Permission-Microphone:
    :path: "../node_modules/react-native-permissions/ios/Microphone/Permission-Microphone.podspec"
  Permission-Notifications:
    :path: "../node_modules/react-native-permissions/ios/Notifications"
  Permission-PhotoLibrary:
    :path: "../node_modules/react-native-permissions/ios/PhotoLibrary/Permission-PhotoLibrary.podspec"
  RCT-Folly:
    :podspec: "../node_modules/react-native/third-party-podspecs/RCT-Folly.podspec"
  RCTRequired:
    :path: "../node_modules/react-native/Libraries/RCTRequired"
  RCTTypeSafety:
    :path: "../node_modules/react-native/Libraries/TypeSafety"
  React:
    :path: "../node_modules/react-native/"
  React-callinvoker:
    :path: "../node_modules/react-native/ReactCommon/callinvoker"
  React-Core:
    :path: "../node_modules/react-native/"
  React-CoreModules:
    :path: "../node_modules/react-native/React/CoreModules"
  React-cxxreact:
    :path: "../node_modules/react-native/ReactCommon/cxxreact"
  React-jsi:
    :path: "../node_modules/react-native/ReactCommon/jsi"
  React-jsiexecutor:
    :path: "../node_modules/react-native/ReactCommon/jsiexecutor"
  React-jsinspector:
    :path: "../node_modules/react-native/ReactCommon/jsinspector"
  react-native-biometrics:
    :path: "../node_modules/react-native-biometrics"
  react-native-blur:
    :path: "../node_modules/@react-native-community/blur"
  react-native-camera:
    :path: "../node_modules/react-native-camera"
  react-native-cameraroll:
    :path: "../node_modules/@react-native-community/cameraroll"
  react-native-document-picker:
    :path: "../node_modules/react-native-document-picker"
  react-native-image-picker:
    :path: "../node_modules/react-native-image-picker"
  react-native-in-app-review:
    :path: "../node_modules/react-native-in-app-review"
  react-native-location:
    :path: "../node_modules/react-native-location"
  react-native-maps:
    :path: "../node_modules/react-native-maps"
  react-native-netinfo:
    :path: "../node_modules/@react-native-community/netinfo"
  react-native-onesignal:
    :path: "../node_modules/react-native-onesignal"
  react-native-pager-view:
    :path: "../node_modules/react-native-pager-view"
  react-native-restart:
    :path: "../node_modules/react-native-restart"
  react-native-safe-area-context:
    :path: "../node_modules/react-native-safe-area-context"
  react-native-screen-brightness:
    :path: "../node_modules/react-native-screen-brightness"
  react-native-slider:
    :path: "../node_modules/@react-native-community/slider"
  react-native-video:
    :path: "../node_modules/react-native-video"
  react-native-view-shot:
    :path: "../node_modules/react-native-view-shot"
  react-native-webrtc:
    :path: "../node_modules/react-native-webrtc"
  react-native-webview:
    :path: "../node_modules/react-native-webview"
  React-perflogger:
    :path: "../node_modules/react-native/ReactCommon/reactperflogger"
  React-RCTActionSheet:
    :path: "../node_modules/react-native/Libraries/ActionSheetIOS"
  React-RCTAnimation:
    :path: "../node_modules/react-native/Libraries/NativeAnimation"
  React-RCTBlob:
    :path: "../node_modules/react-native/Libraries/Blob"
  React-RCTImage:
    :path: "../node_modules/react-native/Libraries/Image"
  React-RCTLinking:
    :path: "../node_modules/react-native/Libraries/LinkingIOS"
  React-RCTNetwork:
    :path: "../node_modules/react-native/Libraries/Network"
  React-RCTSettings:
    :path: "../node_modules/react-native/Libraries/Settings"
  React-RCTText:
    :path: "../node_modules/react-native/Libraries/Text"
  React-RCTVibration:
    :path: "../node_modules/react-native/Libraries/Vibration"
  React-runtimeexecutor:
    :path: "../node_modules/react-native/ReactCommon/runtimeexecutor"
  ReactCommon:
    :path: "../node_modules/react-native/ReactCommon"
  ReactNativeIncallManager:
    :path: "../node_modules/react-native-incall-manager"
  RNCallKeep:
    :path: "../node_modules/react-native-callkeep"
  RNCAsyncStorage:
    :path: "../node_modules/@react-native-community/async-storage"
  RNCCheckbox:
    :path: "../node_modules/@react-native-community/checkbox"
  RNCClipboard:
    :path: "../node_modules/@react-native-community/clipboard"
  RNCMaskedView:
    :path: "../node_modules/@react-native-community/masked-view"
  RNCPicker:
    :path: "../node_modules/@react-native-picker/picker"
  RNCPushNotificationIOS:
    :path: "../node_modules/@react-native-community/push-notification-ios/RNCPushNotificationIOS.podspec"
  RNCustomizedImagePicker:
    :path: "../node_modules/react-native-customized-image-picker/RNCustomizedImagePicker.podspec"
  RNDeviceInfo:
    :path: "../node_modules/react-native-device-info"
  RNFBApp:
    :path: "../node_modules/@react-native-firebase/app"
  RNFileViewer:
    :path: "../node_modules/react-native-file-viewer"
  RNFS:
    :path: "../node_modules/react-native-fs"
  RNGestureHandler:
    :path: "../node_modules/react-native-gesture-handler"
  RNI18n:
    :path: "../node_modules/react-native-i18n"
  RNPermissions:
    :path: "../node_modules/react-native-permissions"
  RNReactNativeDocViewer:
    :path: "../node_modules/react-native-doc-viewer"
  RNReanimated:
    :path: "../node_modules/react-native-reanimated"
  RNScreens:
    :path: "../node_modules/react-native-screens"
  RNSnackbar:
    :path: "../node_modules/react-native-snackbar"
  RNSound:
    :path: "../node_modules/react-native-sound"
  RNSoundRecorder:
    :path: "../node_modules/react-native-sound-recorder"
  RNSVG:
    :path: "../node_modules/react-native-svg"
  RNVectorIcons:
    :path: "../node_modules/react-native-vector-icons"
  RNVoipPushNotification:
    :path: "../node_modules/react-native-voip-push-notification"
  Yoga:
    :path: "../node_modules/react-native/ReactCommon/yoga"

SPEC CHECKSUMS:
  boost-for-react-native: 39c7adb57c4e60d6c5479dd8623128eb5b3f0f2c
  BVLinearGradient: e3aad03778a456d77928f594a649e96995f1c872
  CocoaAsyncSocket: 065fd1e645c7abab64f7a6a2007a48038fdc6a99
  DoubleConversion: cf9b38bf0b2d048436d9a82ad2abe1404f11e7de
  FBLazyVector: 49cbe4b43e445b06bf29199b6ad2057649e4c8f5
  FBReactNativeSpec: 16b8121933a74664b1b848486833d0bfbf746b65
  Firebase: 73c3e3b216ec1ecbc54d2ffdd4670c65c749edb1
  FirebaseCore: 3f09591d51292843e2a46f18358d60bf4e996255
  FirebaseCoreDiagnostics: fe77f42da6329d6d83d21fd9d621a6b704413bfc
  Flipper: 1bd2db48dcc31e4b167b9a33ec1df01c2ded4893
  Flipper-DoubleConversion: 38631e41ef4f9b12861c67d17cb5518d06badc41
  Flipper-Folly: 755929a4f851b2fb2c347d533a23f191b008554c
  Flipper-Glog: 1dfd6abf1e922806c52ceb8701a3599a79a200a6
  Flipper-PeerTalk: 116d8f857dc6ef55c7a5a75ea3ceaafe878aadc9
  Flipper-RSocket: 127954abe8b162fcaf68d2134d34dc2bd7076154
  FlipperKit: 651f50a42eb95c01b3e89a60996dd6aded529eeb
  glog: 73c2498ac6884b13ede40eda8228cb1eee9d9d62
  GoogleDataTransport: 85fd18ff3019bb85d3f2c551d04c481dedf71fc9
  GoogleUtilities: 8de2a97a17e15b6b98e38e8770e2d129a57c0040
  libevent: 4049cae6c81cdb3654a443be001fb9bdceff7913
  nanopb: a0ba3315591a9ae0a16a309ee504766e90db0c96
  OneSignal: e4dfb1912410f302dc9661ce98fc829f6c18ff6a
  OpenSSL-Universal: 1aa4f6a6ee7256b83db99ec1ccdaa80d10f9af9b
  Permission-Camera: b2e50546c095139bb1264be9c34c796332340d32
  Permission-MediaLibrary: 468eee83eb186823bb55b7252626539e0e4a2d97
  Permission-Microphone: bcdaaa22af6217b86fad0843413a238b9413f2d6
  Permission-Notifications: 504dcbc12f929b72cdab0c89a4245816d53d1452
  Permission-PhotoLibrary: 29a07bdd077ae760363f73ab52d22a7b88cbd781
  PromisesObjC: 68159ce6952d93e17b2dfe273b8c40907db5ba58
  RCT-Folly: ec7a233ccc97cc556cf7237f0db1ff65b986f27c
  RCTRequired: 2f8cb5b7533219bf4218a045f92768129cf7050a
  RCTTypeSafety: 512728b73549e72ad7330b92f3d42936f2a4de5b
  React: 98eac01574128a790f0bbbafe2d1a8607291ac24
  React-callinvoker: def3f7fae16192df68d9b69fd4bbb59092ee36bc
  React-Core: 70a52aa5dbe9b83befae82038451a7df9fd54c5a
  React-CoreModules: 052edef46117862e2570eb3a0f06d81c61d2c4b8
  React-cxxreact: c1dc71b30653cfb4770efdafcbdc0ad6d388baab
  React-jsi: 74341196d9547cbcbcfa4b3bbbf03af56431d5a1
  React-jsiexecutor: 06a9c77b56902ae7ffcdd7a4905f664adc5d237b
  React-jsinspector: 0ae35a37b20d5e031eb020a69cc5afdbd6406301
  react-native-biometrics: 9d3306e5d29c3bc4e6a3c912d759a94e76a2f683
  react-native-blur: cad4d93b364f91e7b7931b3fa935455487e5c33c
  react-native-camera: a22b33e521dbf3f8cd886f79f3aa310f401443d5
  react-native-cameraroll: 88f4e62d9ecd0e1f253abe4f685474f2ea14bfa2
  react-native-document-picker: 2e6ecd112c48215e36431734d902f35201ffab0a
  react-native-image-picker: b42940647478bf106ad3c491d6f5d9d40916d865
  react-native-in-app-review: 00a66a085c61dbd4474041dc14e7bfee81a86130
  react-native-location: 5a40ec1cc6abf2f6d94df979f98ec76c3a415681
  react-native-maps: f4b89da81626ad7f151a8bfcb79733295d31ce5c
  react-native-netinfo: e849fc21ca2f4128a5726c801a82fc6f4a6db50d
  react-native-onesignal: 6d3d3ac10192c5694049ce8c1ba481e5392c1a73
  react-native-pager-view: 08c5414c85f5e3bb35e57f6e72a81a567b9ee749
  react-native-restart: 733a51ad137f15b0f8dc34c4082e55af7da00979
  react-native-safe-area-context: f0906bf8bc9835ac9a9d3f97e8bde2a997d8da79
  react-native-screen-brightness: 9eefe6db96a5d757e63cdfce8e48d7c9039f2af2
  react-native-slider: e99fc201cefe81270fc9d81714a7a0f5e566b168
  react-native-video: eee541262ada11bc7ffe8ec5508e6a877937c462
  react-native-view-shot: 4475fde003fe8a210053d1f98fb9e06c1d834e1c
  react-native-webrtc: bbb644859dcc37ccb7edaec860ca62ed47bf996c
  react-native-webview: 71567b6bf3d4e55914e580d720cc8f7df64af817
  React-perflogger: 9c547d8f06b9bf00cb447f2b75e8d7f19b7e02af
  React-RCTActionSheet: 3080b6e12e0e1a5b313c8c0050699b5c794a1b11
  React-RCTAnimation: 3f96f21a497ae7dabf4d2f150ee43f906aaf516f
  React-RCTBlob: 283b8e5025e7f954176bc48164f846909002f3ed
  React-RCTImage: 5088a484faac78f2d877e1b79125d3bb1ea94a16
  React-RCTLinking: 5e8fbb3e9a8bc2e4e3eb15b1eb8bda5fcac27b8c
  React-RCTNetwork: 38ec277217b1e841d5e6a1fa78da65b9212ccb28
  React-RCTSettings: 242d6e692108c3de4f3bb74b7586a8799e9ab070
  React-RCTText: 8746736ac8eb5a4a74719aa695b7a236a93a83d2
  React-RCTVibration: 0fd6b21751a33cb72fce1a4a33ab9678416d307a
  React-runtimeexecutor: cad74a1eaa53ee6e7a3620231939d8fe2c6afcf0
  ReactCommon: cfe2b7fd20e0dbd2d1185cd7d8f99633fbc5ff05
  ReactNativeIncallManager: a840ef75640518065742a893e6c6ff98ee820039
  RNCallKeep: df979b93285cd7e70df8687eacb0c9bdf3be28be
  RNCAsyncStorage: b03032fdbdb725bea0bd9e5ec5a7272865ae7398
  RNCCheckbox: 6bd119c26c6eb8264a29d59ff66cb70a14de3349
  RNCClipboard: 41d8d918092ae8e676f18adada19104fa3e68495
  RNCMaskedView: 5a8ec07677aa885546a0d98da336457e2bea557f
  RNCPicker: 6780c753e9e674065db90d9c965920516402579d
  RNCPushNotificationIOS: 61a7c72bd1ebad3568025957d001e0f0e7b32191
  RNCustomizedImagePicker: 2a6be42a63685c27934083027a509ce7df6fbff8
  RNDeviceInfo: 8d3a29207835f972bce883723882980143270d55
  RNFBApp: cc2ff3f925840c53f0117d92e0f5e269b356d0f7
  RNFileViewer: 83cc066ad795b1f986791d03b56fe0ee14b6a69f
  RNFS: 3ab21fa6c56d65566d1fb26c2228e2b6132e5e32
  RNGestureHandler: a479ebd5ed4221a810967000735517df0d2db211
  RNI18n: e2f7e76389fcc6e84f2c8733ea89b92502351fd8
  RNPermissions: 4c8a37b4dde50f1f152bf8cd08c4a43d2355829e
  RNReactNativeDocViewer: 571c6ac38483531b8fb521d02a6ba54652ed10a7
  RNReanimated: 514a11da3a2bcc6c3dfd9de32b38e2b9bf101926
  RNScreens: f28b48b8345f2f5f39ed6195518291515032a788
  RNSnackbar: be3333a21a453ccc272f41a8add5a71f7d44dfcd
  RNSound: da030221e6ac7e8290c6b43f2b5f2133a8e225b0
  RNSoundRecorder: a753a2f5f3744c0e13922537222c6e0b926e5227
  RNSVG: 551acb6562324b1d52a4e0758f7ca0ec234e278f
  RNVectorIcons: 31cebfcf94e8cf8686eb5303ae0357da64d7a5a4
  RNVoipPushNotification: d076a99d761f91cf6042172ec8390b6e4360f9b2
  TZImagePickerController: edf61b8e87f26e3e445aa50eb66254bd7f4859db
  Yoga: 8c8436d4171c87504c648ae23b1d81242bdf3bbf
  YogaKit: f782866e155069a2cca2517aafea43200b01fd5a

PODFILE CHECKSUM: 0a40713c394a22253242aeaf6c2467f56847923f

COCOAPODS: 1.11.2
